
Microsoft Visual Studio Solution File, Format Version 12.00
# Visual Studio Version 17
VisualStudioVersion = 17.4.33205.214
MinimumVisualStudioVersion = 10.0.40219.1
Project("{888888A0-9F3D-457C-B088-3A5042F75D52}") = "while work", "while work.pyproj", "{DF23080E-0E5B-43EB-BB22-C7BC50F32CDF}"
EndProject
Global
	GlobalSection(SolutionConfigurationPlatforms) = preSolution
		Debug|Any CPU = Debug|Any CPU
		Release|Any CPU = Release|Any CPU
	EndGlobalSection
	GlobalSection(ProjectConfigurationPlatforms) = postSolution
		{DF23080E-0E5B-43EB-BB22-C7BC50F32CDF}.Debug|Any CPU.ActiveCfg = Debug|Any CPU
		{DF23080E-0E5B-43EB-BB22-C7BC50F32CDF}.Release|Any CPU.ActiveCfg = Release|Any CPU
	EndGlobalSection
	GlobalSection(SolutionProperties) = preSolution
		HideSolutionNode = FALSE
	EndGlobalSection
	GlobalSection(ExtensibilityGlobals) = postSolution
		SolutionGuid = {BAEA8066-06E6-4210-84D4-DDAAB7193AD6}
	EndGlobalSection
EndGlobal
